
Microsoft Visual Studio Solution File, Format Version 12.00
# Visual Studio Version 17
VisualStudioVersion = 17.3.32811.315
MinimumVisualStudioVersion = 10.0.40219.1
Project("{2150E333-8FDC-42A3-9474-1A3956D46DE8}") = "src", "src", "{841BA919-95B7-40A1-82F0-5AEFBE8E3487}"
EndProject
Project("{2150E333-8FDC-42A3-9474-1A3956D46DE8}") = "corePackages", "corePackages", "{5B6E8BA5-983F-41BB-A46C-2D3083C2784E}"
EndProject
Project("{2150E333-8FDC-42A3-9474-1A3956D46DE8}") = "asari.com.tr", "asari.com.tr", "{07B7E2C1-E279-4227-9D9A-1ADCE77370BA}"
EndProject
Project("{9A19103F-16F7-4668-BE54-9A1E7A4F7556}") = "Core.Application", "src\corePackages\Core.Application\Core.Application.csproj", "{DF6B2894-7B31-4E71-9DC0-1C39E0F20390}"
EndProject
Project("{9A19103F-16F7-4668-BE54-9A1E7A4F7556}") = "Core.CrossCuttingConcerns", "src\corePackages\Core.CrossCuttingConcerns\Core.CrossCuttingConcerns.csproj", "{9791DBD5-AD95-453C-937B-876A60F33664}"
EndProject
Project("{9A19103F-16F7-4668-BE54-9A1E7A4F7556}") = "Core.ElasticSearch", "src\corePackages\Core.ElasticSearch\Core.ElasticSearch.csproj", "{DB8EAF31-F4E0-45CF-AB1A-D68E67E4E4A1}"
EndProject
Project("{9A19103F-16F7-4668-BE54-9A1E7A4F7556}") = "Core.Mailing", "src\corePackages\Core.Mailing\Core.Mailing.csproj", "{62D9A244-6BEF-4657-89E8-5E56A5699BA6}"
EndProject
Project("{9A19103F-16F7-4668-BE54-9A1E7A4F7556}") = "Core.Persistence", "src\corePackages\Core.Persistence\Core.Persistence.csproj", "{EA139353-AA93-4099-BEAE-6B2975A03DA0}"
EndProject
Project("{9A19103F-16F7-4668-BE54-9A1E7A4F7556}") = "Core.Security", "src\corePackages\Core.Security\Core.Security.csproj", "{3DCEA317-8C79-4AD3-BD9F-47DE27775A30}"
EndProject
Project("{9A19103F-16F7-4668-BE54-9A1E7A4F7556}") = "asari.com.tr.Application", "src\asari.com.tr\asari.com.tr.Application\asari.com.tr.Application.csproj", "{DE6D85D4-72AC-4847-819F-F0D57B28252A}"
EndProject
Project("{9A19103F-16F7-4668-BE54-9A1E7A4F7556}") = "asari.com.tr.Domain", "src\asari.com.tr\asari.com.tr.Domain\asari.com.tr.Domain.csproj", "{91D0FE90-1C02-4DD5-968C-23E37ACFA360}"
EndProject
Project("{9A19103F-16F7-4668-BE54-9A1E7A4F7556}") = "asari.com.tr.Infrastructure", "src\asari.com.tr\asari.com.tr.Infrastructure\asari.com.tr.Infrastructure.csproj", "{BCD39322-2FE2-445F-859E-8128B23377F0}"
EndProject
Project("{9A19103F-16F7-4668-BE54-9A1E7A4F7556}") = "asari.com.tr.Persistence", "src\asari.com.tr\asari.com.tr.Persistence\asari.com.tr.Persistence.csproj", "{3DACE906-3A8D-4E27-AF62-3F073A157FCC}"
EndProject
Project("{9A19103F-16F7-4668-BE54-9A1E7A4F7556}") = "asari.com.tr.WebAPI", "src\asari.com.tr\asari.com.tr.WebAPI\asari.com.tr.WebAPI.csproj", "{F229B599-BB8D-408A-906D-8F3C9944A10B}"
EndProject
Project("{2150E333-8FDC-42A3-9474-1A3956D46DE8}") = "Solution Items", "Solution Items", "{BD29FCF5-57DD-4C8D-B601-0F1578452E63}"
	ProjectSection(SolutionItems) = preProject
		.editorconfig = .editorconfig
	EndProjectSection
EndProject
Project("{9A19103F-16F7-4668-BE54-9A1E7A4F7556}") = "asari.com.tr.WebMVC", "src\asari.com.tr\asari.com.tr.WebMVC\asari.com.tr.WebMVC.csproj", "{EE1CB79A-1D90-4941-946C-9DB225211B2E}"
EndProject
Project("{2150E333-8FDC-42A3-9474-1A3956D46DE8}") = "tests", "tests", "{218AD87A-8DFA-44F4-98FF-B99607F1E46A}"
EndProject
Project("{FAE04EC0-301F-11D3-BF4B-00C04F79EFBC}") = "Application.Tests", "tests\Application.Tests\Application.Tests.csproj", "{5D0929BD-56C3-495A-827D-CE7C4253157D}"
EndProject
Project("{9A19103F-16F7-4668-BE54-9A1E7A4F7556}") = "Core.Test", "src\corePackages\Core.Test\Core.Test.csproj", "{2D1E87ED-63F3-4BCF-B879-A805B909AC00}"
EndProject
Global
	GlobalSection(SolutionConfigurationPlatforms) = preSolution
		Debug|Any CPU = Debug|Any CPU
		Release|Any CPU = Release|Any CPU
	EndGlobalSection
	GlobalSection(ProjectConfigurationPlatforms) = postSolution
		{DF6B2894-7B31-4E71-9DC0-1C39E0F20390}.Debug|Any CPU.ActiveCfg = Debug|Any CPU
		{DF6B2894-7B31-4E71-9DC0-1C39E0F20390}.Debug|Any CPU.Build.0 = Debug|Any CPU
		{DF6B2894-7B31-4E71-9DC0-1C39E0F20390}.Release|Any CPU.ActiveCfg = Release|Any CPU
		{DF6B2894-7B31-4E71-9DC0-1C39E0F20390}.Release|Any CPU.Build.0 = Release|Any CPU
		{9791DBD5-AD95-453C-937B-876A60F33664}.Debug|Any CPU.ActiveCfg = Debug|Any CPU
		{9791DBD5-AD95-453C-937B-876A60F33664}.Debug|Any CPU.Build.0 = Debug|Any CPU
		{9791DBD5-AD95-453C-937B-876A60F33664}.Release|Any CPU.ActiveCfg = Release|Any CPU
		{9791DBD5-AD95-453C-937B-876A60F33664}.Release|Any CPU.Build.0 = Release|Any CPU
		{DB8EAF31-F4E0-45CF-AB1A-D68E67E4E4A1}.Debug|Any CPU.ActiveCfg = Debug|Any CPU
		{DB8EAF31-F4E0-45CF-AB1A-D68E67E4E4A1}.Debug|Any CPU.Build.0 = Debug|Any CPU
		{DB8EAF31-F4E0-45CF-AB1A-D68E67E4E4A1}.Release|Any CPU.ActiveCfg = Release|Any CPU
		{DB8EAF31-F4E0-45CF-AB1A-D68E67E4E4A1}.Release|Any CPU.Build.0 = Release|Any CPU
		{62D9A244-6BEF-4657-89E8-5E56A5699BA6}.Debug|Any CPU.ActiveCfg = Debug|Any CPU
		{62D9A244-6BEF-4657-89E8-5E56A5699BA6}.Debug|Any CPU.Build.0 = Debug|Any CPU
		{62D9A244-6BEF-4657-89E8-5E56A5699BA6}.Release|Any CPU.ActiveCfg = Release|Any CPU
		{62D9A244-6BEF-4657-89E8-5E56A5699BA6}.Release|Any CPU.Build.0 = Release|Any CPU
		{EA139353-AA93-4099-BEAE-6B2975A03DA0}.Debug|Any CPU.ActiveCfg = Debug|Any CPU
		{EA139353-AA93-4099-BEAE-6B2975A03DA0}.Debug|Any CPU.Build.0 = Debug|Any CPU
		{EA139353-AA93-4099-BEAE-6B2975A03DA0}.Release|Any CPU.ActiveCfg = Release|Any CPU
		{EA139353-AA93-4099-BEAE-6B2975A03DA0}.Release|Any CPU.Build.0 = Release|Any CPU
		{3DCEA317-8C79-4AD3-BD9F-47DE27775A30}.Debug|Any CPU.ActiveCfg = Debug|Any CPU
		{3DCEA317-8C79-4AD3-BD9F-47DE27775A30}.Debug|Any CPU.Build.0 = Debug|Any CPU
		{3DCEA317-8C79-4AD3-BD9F-47DE27775A30}.Release|Any CPU.ActiveCfg = Release|Any CPU
		{3DCEA317-8C79-4AD3-BD9F-47DE27775A30}.Release|Any CPU.Build.0 = Release|Any CPU
		{DE6D85D4-72AC-4847-819F-F0D57B28252A}.Debug|Any CPU.ActiveCfg = Debug|Any CPU
		{DE6D85D4-72AC-4847-819F-F0D57B28252A}.Debug|Any CPU.Build.0 = Debug|Any CPU
		{DE6D85D4-72AC-4847-819F-F0D57B28252A}.Release|Any CPU.ActiveCfg = Release|Any CPU
		{DE6D85D4-72AC-4847-819F-F0D57B28252A}.Release|Any CPU.Build.0 = Release|Any CPU
		{91D0FE90-1C02-4DD5-968C-23E37ACFA360}.Debug|Any CPU.ActiveCfg = Debug|Any CPU
		{91D0FE90-1C02-4DD5-968C-23E37ACFA360}.Debug|Any CPU.Build.0 = Debug|Any CPU
		{91D0FE90-1C02-4DD5-968C-23E37ACFA360}.Release|Any CPU.ActiveCfg = Release|Any CPU
		{91D0FE90-1C02-4DD5-968C-23E37ACFA360}.Release|Any CPU.Build.0 = Release|Any CPU
		{BCD39322-2FE2-445F-859E-8128B23377F0}.Debug|Any CPU.ActiveCfg = Debug|Any CPU
		{BCD39322-2FE2-445F-859E-8128B23377F0}.Debug|Any CPU.Build.0 = Debug|Any CPU
		{BCD39322-2FE2-445F-859E-8128B23377F0}.Release|Any CPU.ActiveCfg = Release|Any CPU
		{BCD39322-2FE2-445F-859E-8128B23377F0}.Release|Any CPU.Build.0 = Release|Any CPU
		{3DACE906-3A8D-4E27-AF62-3F073A157FCC}.Debug|Any CPU.ActiveCfg = Debug|Any CPU
		{3DACE906-3A8D-4E27-AF62-3F073A157FCC}.Debug|Any CPU.Build.0 = Debug|Any CPU
		{3DACE906-3A8D-4E27-AF62-3F073A157FCC}.Release|Any CPU.ActiveCfg = Release|Any CPU
		{3DACE906-3A8D-4E27-AF62-3F073A157FCC}.Release|Any CPU.Build.0 = Release|Any CPU
		{F229B599-BB8D-408A-906D-8F3C9944A10B}.Debug|Any CPU.ActiveCfg = Debug|Any CPU
		{F229B599-BB8D-408A-906D-8F3C9944A10B}.Debug|Any CPU.Build.0 = Debug|Any CPU
		{F229B599-BB8D-408A-906D-8F3C9944A10B}.Release|Any CPU.ActiveCfg = Release|Any CPU
		{F229B599-BB8D-408A-906D-8F3C9944A10B}.Release|Any CPU.Build.0 = Release|Any CPU
		{EE1CB79A-1D90-4941-946C-9DB225211B2E}.Debug|Any CPU.ActiveCfg = Debug|Any CPU
		{EE1CB79A-1D90-4941-946C-9DB225211B2E}.Debug|Any CPU.Build.0 = Debug|Any CPU
		{EE1CB79A-1D90-4941-946C-9DB225211B2E}.Release|Any CPU.ActiveCfg = Release|Any CPU
		{EE1CB79A-1D90-4941-946C-9DB225211B2E}.Release|Any CPU.Build.0 = Release|Any CPU
		{5D0929BD-56C3-495A-827D-CE7C4253157D}.Debug|Any CPU.ActiveCfg = Debug|Any CPU
		{5D0929BD-56C3-495A-827D-CE7C4253157D}.Debug|Any CPU.Build.0 = Debug|Any CPU
		{5D0929BD-56C3-495A-827D-CE7C4253157D}.Release|Any CPU.ActiveCfg = Release|Any CPU
		{5D0929BD-56C3-495A-827D-CE7C4253157D}.Release|Any CPU.Build.0 = Release|Any CPU
		{2D1E87ED-63F3-4BCF-B879-A805B909AC00}.Debug|Any CPU.ActiveCfg = Debug|Any CPU
		{2D1E87ED-63F3-4BCF-B879-A805B909AC00}.Debug|Any CPU.Build.0 = Debug|Any CPU
		{2D1E87ED-63F3-4BCF-B879-A805B909AC00}.Release|Any CPU.ActiveCfg = Release|Any CPU
		{2D1E87ED-63F3-4BCF-B879-A805B909AC00}.Release|Any CPU.Build.0 = Release|Any CPU
	EndGlobalSection
	GlobalSection(SolutionProperties) = preSolution
		HideSolutionNode = FALSE
	EndGlobalSection
	GlobalSection(NestedProjects) = preSolution
		{5B6E8BA5-983F-41BB-A46C-2D3083C2784E} = {841BA919-95B7-40A1-82F0-5AEFBE8E3487}
		{07B7E2C1-E279-4227-9D9A-1ADCE77370BA} = {841BA919-95B7-40A1-82F0-5AEFBE8E3487}
		{DF6B2894-7B31-4E71-9DC0-1C39E0F20390} = {5B6E8BA5-983F-41BB-A46C-2D3083C2784E}
		{9791DBD5-AD95-453C-937B-876A60F33664} = {5B6E8BA5-983F-41BB-A46C-2D3083C2784E}
		{DB8EAF31-F4E0-45CF-AB1A-D68E67E4E4A1} = {5B6E8BA5-983F-41BB-A46C-2D3083C2784E}
		{62D9A244-6BEF-4657-89E8-5E56A5699BA6} = {5B6E8BA5-983F-41BB-A46C-2D3083C2784E}
		{EA139353-AA93-4099-BEAE-6B2975A03DA0} = {5B6E8BA5-983F-41BB-A46C-2D3083C2784E}
		{3DCEA317-8C79-4AD3-BD9F-47DE27775A30} = {5B6E8BA5-983F-41BB-A46C-2D3083C2784E}
		{DE6D85D4-72AC-4847-819F-F0D57B28252A} = {07B7E2C1-E279-4227-9D9A-1ADCE77370BA}
		{91D0FE90-1C02-4DD5-968C-23E37ACFA360} = {07B7E2C1-E279-4227-9D9A-1ADCE77370BA}
		{BCD39322-2FE2-445F-859E-8128B23377F0} = {07B7E2C1-E279-4227-9D9A-1ADCE77370BA}
		{3DACE906-3A8D-4E27-AF62-3F073A157FCC} = {07B7E2C1-E279-4227-9D9A-1ADCE77370BA}
		{F229B599-BB8D-408A-906D-8F3C9944A10B} = {07B7E2C1-E279-4227-9D9A-1ADCE77370BA}
		{EE1CB79A-1D90-4941-946C-9DB225211B2E} = {07B7E2C1-E279-4227-9D9A-1ADCE77370BA}
		{5D0929BD-56C3-495A-827D-CE7C4253157D} = {218AD87A-8DFA-44F4-98FF-B99607F1E46A}
		{2D1E87ED-63F3-4BCF-B879-A805B909AC00} = {5B6E8BA5-983F-41BB-A46C-2D3083C2784E}
	EndGlobalSection
	GlobalSection(ExtensibilityGlobals) = postSolution
		SolutionGuid = {3ED49AD4-3EE8-4830-A251-DBB1BB00ACF2}
	EndGlobalSection
EndGlobal
